// !$*UTF8*$!
{
	archiveVersion = 1;
	classes = {
	};
	objectVersion = 46;
	objects = {

/* Begin PBXBuildFile section */
		9AC760521CB2137B00F96C94 /* AppDelegate.swift in Sources */ = {isa = PBXBuildFile; fileRef = 9AC760511CB2137B00F96C94 /* AppDelegate.swift */; };
		9AC760541CB2137B00F96C94 /* ViewController.swift in Sources */ = {isa = PBXBuildFile; fileRef = 9AC760531CB2137B00F96C94 /* ViewController.swift */; };
		9AC760571CB2137B00F96C94 /* Main.storyboard in Resources */ = {isa = PBXBuildFile; fileRef = 9AC760551CB2137B00F96C94 /* Main.storyboard */; };
		9AC760591CB2137B00F96C94 /* Assets.xcassets in Resources */ = {isa = PBXBuildFile; fileRef = 9AC760581CB2137B00F96C94 /* Assets.xcassets */; };
		9AC7605C1CB2137B00F96C94 /* LaunchScreen.storyboard in Resources */ = {isa = PBXBuildFile; fileRef = 9AC7605A1CB2137B00F96C94 /* LaunchScreen.storyboard */; };
		9AC760671CB2137B00F96C94 /* BMITests.swift in Sources */ = {isa = PBXBuildFile; fileRef = 9AC760661CB2137B00F96C94 /* BMITests.swift */; };
		9AC760721CB2137B00F96C94 /* BMIUITests.swift in Sources */ = {isa = PBXBuildFile; fileRef = 9AC760711CB2137B00F96C94 /* BMIUITests.swift */; };
/* End PBXBuildFile section */

/* Begin PBXContainerItemProxy section */
		9AC760631CB2137B00F96C94 /* PBXContainerItemProxy */ = {
			isa = PBXContainerItemProxy;
			containerPortal = 9AC760461CB2137B00F96C94 /* Project object */;
			proxyType = 1;
			remoteGlobalIDString = 9AC7604D1CB2137B00F96C94;
			remoteInfo = BMI;
		};
		9AC7606E1CB2137B00F96C94 /* PBXContainerItemProxy */ = {
			isa = PBXContainerItemProxy;
			containerPortal = 9AC760461CB2137B00F96C94 /* Project object */;
			proxyType = 1;
			remoteGlobalIDString = 9AC7604D1CB2137B00F96C94;
			remoteInfo = BMI;
		};
/* End PBXContainerItemProxy section */

/* Begin PBXFileReference section */
		9AC7604E1CB2137B00F96C94 /* BMI.app */ = {isa = PBXFileReference; explicitFileType = wrapper.application; includeInIndex = 0; path = BMI.app; sourceTree = BUILT_PRODUCTS_DIR; };
		9AC760511CB2137B00F96C94 /* AppDelegate.swift */ = {isa = PBXFileReference; lastKnownFileType = sourcecode.swift; path = AppDelegate.swift; sourceTree = "<group>"; };
		9AC760531CB2137B00F96C94 /* ViewController.swift */ = {isa = PBXFileReference; lastKnownFileType = sourcecode.swift; path = ViewController.swift; sourceTree = "<group>"; };
		9AC760561CB2137B00F96C94 /* Base */ = {isa = PBXFileReference; lastKnownFileType = file.storyboard; name = Base; path = Base.lproj/Main.storyboard; sourceTree = "<group>"; };
		9AC760581CB2137B00F96C94 /* Assets.xcassets */ = {isa = PBXFileReference; lastKnownFileType = folder.assetcatalog; path = Assets.xcassets; sourceTree = "<group>"; };
		9AC7605B1CB2137B00F96C94 /* Base */ = {isa = PBXFileReference; lastKnownFileType = file.storyboard; name = Base; path = Base.lproj/LaunchScreen.storyboard; sourceTree = "<group>"; };
		9AC7605D1CB2137B00F96C94 /* Info.plist */ = {isa = PBXFileReference; lastKnownFileType = text.plist.xml; path = Info.plist; sourceTree = "<group>"; };
		9AC760621CB2137B00F96C94 /* BMITests.xctest */ = {isa = PBXFileReference; explicitFileType = wrapper.cfbundle; includeInIndex = 0; path = BMITests.xctest; sourceTree = BUILT_PRODUCTS_DIR; };
		9AC760661CB2137B00F96C94 /* BMITests.swift */ = {isa = PBXFileReference; lastKnownFileType = sourcecode.swift; path = BMITests.swift; sourceTree = "<group>"; };
		9AC760681CB2137B00F96C94 /* Info.plist */ = {isa = PBXFileReference; lastKnownFileType = text.plist.xml; path = Info.plist; sourceTree = "<group>"; };
		9AC7606D1CB2137B00F96C94 /* BMIUITests.xctest */ = {isa = PBXFileReference; explicitFileType = wrapper.cfbundle; includeInIndex = 0; path = BMIUITests.xctest; sourceTree = BUILT_PRODUCTS_DIR; };
		9AC760711CB2137B00F96C94 /* BMIUITests.swift */ = {isa = PBXFileReference; lastKnownFileType = sourcecode.swift; path = BMIUITests.swift; sourceTree = "<group>"; };
		9AC760731CB2137B00F96C94 /* Info.plist */ = {isa = PBXFileReference; lastKnownFileType = text.plist.xml; path = Info.plist; sourceTree = "<group>"; };
/* End PBXFileReference section */

/* Begin PBXFrameworksBuildPhase section */
		9AC7604B1CB2137B00F96C94 /* Frameworks */ = {
			isa = PBXFrameworksBuildPhase;
			buildActionMask = 2147483647;
			files = (
			);
			runOnlyForDeploymentPostprocessing = 0;
		};
		9AC7605F1CB2137B00F96C94 /* Frameworks */ = {
			isa = PBXFrameworksBuildPhase;
			buildActionMask = 2147483647;
			files = (
			);
			runOnlyForDeploymentPostprocessing = 0;
		};
		9AC7606A1CB2137B00F96C94 /* Frameworks */ = {
			isa = PBXFrameworksBuildPhase;
			buildActionMask = 2147483647;
			files = (
			);
			runOnlyForDeploymentPostprocessing = 0;
		};
/* End PBXFrameworksBuildPhase section */

/* Begin PBXGroup section */
		9AC760451CB2137B00F96C94 = {
			isa = PBXGroup;
			children = (
				9AC760501CB2137B00F96C94 /* BMI */,
				9AC760651CB2137B00F96C94 /* BMITests */,
				9AC760701CB2137B00F96C94 /* BMIUITests */,
				9AC7604F1CB2137B00F96C94 /* Products */,
			);
			sourceTree = "<group>";
		};
		9AC7604F1CB2137B00F96C94 /* Products */ = {
			isa = PBXGroup;
			children = (
				9AC7604E1CB2137B00F96C94 /* BMI.app */,
				9AC760621CB2137B00F96C94 /* BMITests.xctest */,
				9AC7606D1CB2137B00F96C94 /* BMIUITests.xctest */,
			);
			name = Products;
			sourceTree = "<group>";
		};
		9AC760501CB2137B00F96C94 /* BMI */ = {
			isa = PBXGroup;
			children = (
				9AC760511CB2137B00F96C94 /* AppDelegate.swift */,
				9AC760531CB2137B00F96C94 /* ViewController.swift */,
				9AC760551CB2137B00F96C94 /* Main.storyboard */,
				9AC760581CB2137B00F96C94 /* Assets.xcassets */,
				9AC7605A1CB2137B00F96C94 /* LaunchScreen.storyboard */,
				9AC7605D1CB2137B00F96C94 /* Info.plist */,
			);
			path = BMI;
			sourceTree = "<group>";
		};
		9AC760651CB2137B00F96C94 /* BMITests */ = {
			isa = PBXGroup;
			children = (
				9AC760661CB2137B00F96C94 /* BMITests.swift */,
				9AC760681CB2137B00F96C94 /* Info.plist */,
			);
			path = BMITests;
			sourceTree = "<group>";
		};
		9AC760701CB2137B00F96C94 /* BMIUITests */ = {
			isa = PBXGroup;
			children = (
				9AC760711CB2137B00F96C94 /* BMIUITests.swift */,
				9AC760731CB2137B00F96C94 /* Info.plist */,
			);
			path = BMIUITests;
			sourceTree = "<group>";
		};
/* End PBXGroup section */

/* Begin PBXNativeTarget section */
		9AC7604D1CB2137B00F96C94 /* BMI */ = {
			isa = PBXNativeTarget;
			buildConfigurationList = 9AC760761CB2137C00F96C94 /* Build configuration list for PBXNativeTarget "BMI" */;
			buildPhases = (
				9AC7604A1CB2137B00F96C94 /* Sources */,
				9AC7604B1CB2137B00F96C94 /* Frameworks */,
				9AC7604C1CB2137B00F96C94 /* Resources */,
			);
			buildRules = (
			);
			dependencies = (
			);
			name = BMI;
			productName = BMI;
			productReference = 9AC7604E1CB2137B00F96C94 /* BMI.app */;
			productType = "com.apple.product-type.application";
		};
		9AC760611CB2137B00F96C94 /* BMITests */ = {
			isa = PBXNativeTarget;
			buildConfigurationList = 9AC760791CB2137C00F96C94 /* Build configuration list for PBXNativeTarget "BMITests" */;
			buildPhases = (
				9AC7605E1CB2137B00F96C94 /* Sources */,
				9AC7605F1CB2137B00F96C94 /* Frameworks */,
				9AC760601CB2137B00F96C94 /* Resources */,
			);
			buildRules = (
			);
			dependencies = (
				9AC760641CB2137B00F96C94 /* PBXTargetDependency */,
			);
			name = BMITests;
			productName = BMITests;
			productReference = 9AC760621CB2137B00F96C94 /* BMITests.xctest */;
			productType = "com.apple.product-type.bundle.unit-test";
		};
		9AC7606C1CB2137B00F96C94 /* BMIUITests */ = {
			isa = PBXNativeTarget;
			buildConfigurationList = 9AC7607C1CB2137C00F96C94 /* Build configuration list for PBXNativeTarget "BMIUITests" */;
			buildPhases = (
				9AC760691CB2137B00F96C94 /* Sources */,
				9AC7606A1CB2137B00F96C94 /* Frameworks */,
				9AC7606B1CB2137B00F96C94 /* Resources */,
			);
			buildRules = (
			);
			dependencies = (
				9AC7606F1CB2137B00F96C94 /* PBXTargetDependency */,
			);
			name = BMIUITests;
			productName = BMIUITests;
			productReference = 9AC7606D1CB2137B00F96C94 /* BMIUITests.xctest */;
			productType = "com.apple.product-type.bundle.ui-testing";
		};
/* End PBXNativeTarget section */

/* Begin PBXProject section */
		9AC760461CB2137B00F96C94 /* Project object */ = {
			isa = PBXProject;
			attributes = {
				LastSwiftUpdateCheck = 0730;
				LastUpgradeCheck = 0730;
				ORGANIZATIONNAME = Release;
				TargetAttributes = {
					9AC7604D1CB2137B00F96C94 = {
						CreatedOnToolsVersion = 7.3;
					};
					9AC760611CB2137B00F96C94 = {
						CreatedOnToolsVersion = 7.3;
						TestTargetID = 9AC7604D1CB2137B00F96C94;
					};
					9AC7606C1CB2137B00F96C94 = {
						CreatedOnToolsVersion = 7.3;
						TestTargetID = 9AC7604D1CB2137B00F96C94;
					};
				};
			};
			buildConfigurationList = 9AC760491CB2137B00F96C94 /* Build configuration list for PBXProject "BMI" */;
			compatibilityVersion = "Xcode 3.2";
			developmentRegion = English;
			hasScannedForEncodings = 0;
			knownRegions = (
				en,
				Base,
			);
			mainGroup = 9AC760451CB2137B00F96C94;
			productRefGroup = 9AC7604F1CB2137B00F96C94 /* Products */;
			projectDirPath = "";
			projectRoot = "";
			targets = (
				9AC7604D1CB2137B00F96C94 /* BMI */,
				9AC760611CB2137B00F96C94 /* BMITests */,
				9AC7606C1CB2137B00F96C94 /* BMIUITests */,
			);
		};
/* End PBXProject section */

/* Begin PBXResourcesBuildPhase section */
		9AC7604C1CB2137B00F96C94 /* Resources */ = {
			isa = PBXResourcesBuildPhase;
			buildActionMask = 2147483647;
			files = (
				9AC7605C1CB2137B00F96C94 /* LaunchScreen.storyboard in Resources */,
				9AC760591CB2137B00F96C94 /* Assets.xcassets in Resources */,
				9AC760571CB2137B00F96C94 /* Main.storyboard in Resources */,
			);
			runOnlyForDeploymentPostprocessing = 0;
		};
		9AC760601CB2137B00F96C94 /* Resources */ = {
			isa = PBXResourcesBuildPhase;
			buildActionMask = 2147483647;
			files = (
			);
			runOnlyForDeploymentPostprocessing = 0;
		};
		9AC7606B1CB2137B00F96C94 /* Resources */ = {
			isa = PBXResourcesBuildPhase;
			buildActionMask = 2147483647;
			files = (
			);
			runOnlyForDeploymentPostprocessing = 0;
		};
/* End PBXResourcesBuildPhase section */

/* Begin PBXSourcesBuildPhase section */
		9AC7604A1CB2137B00F96C94 /* Sources */ = {
			isa = PBXSourcesBuildPhase;
			buildActionMask = 2147483647;
			files = (
				9AC760541CB2137B00F96C94 /* ViewController.swift in Sources */,
				9AC760521CB2137B00F96C94 /* AppDelegate.swift in Sources */,
			);
			runOnlyForDeploymentPostprocessing = 0;
		};
		9AC7605E1CB2137B00F96C94 /* Sources */ = {
			isa = PBXSourcesBuildPhase;
			buildActionMask = 2147483647;
			files = (
				9AC760671CB2137B00F96C94 /* BMITests.swift in Sources */,
			);
			runOnlyForDeploymentPostprocessing = 0;
		};
		9AC760691CB2137B00F96C94 /* Sources */ = {
			isa = PBXSourcesBuildPhase;
			buildActionMask = 2147483647;
			files = (
				9AC760721CB2137B00F96C94 /* BMIUITests.swift in Sources */,
			);
			runOnlyForDeploymentPostprocessing = 0;
		};
/* End PBXSourcesBuildPhase section */

/* Begin PBXTargetDependency section */
		9AC760641CB2137B00F96C94 /* PBXTargetDependency */ = {
			isa = PBXTargetDependency;
			target = 9AC7604D1CB2137B00F96C94 /* BMI */;
			targetProxy = 9AC760631CB2137B00F96C94 /* PBXContainerItemProxy */;
		};
		9AC7606F1CB2137B00F96C94 /* PBXTargetDependency */ = {
			isa = PBXTargetDependency;
			target = 9AC7604D1CB2137B00F96C94 /* BMI */;
			targetProxy = 9AC7606E1CB2137B00F96C94 /* PBXContainerItemProxy */;
		};
/* End PBXTargetDependency section */

/* Begin PBXVariantGroup section */
		9AC760551CB2137B00F96C94 /* Main.storyboard */ = {
			isa = PBXVariantGroup;
			children = (
				9AC760561CB2137B00F96C94 /* Base */,
			);
			name = Main.storyboard;
			sourceTree = "<group>";
		};
		9AC7605A1CB2137B00F96C94 /* LaunchScreen.storyboard */ = {
			isa = PBXVariantGroup;
			children = (
				9AC7605B1CB2137B00F96C94 /* Base */,
			);
			name = LaunchScreen.storyboard;
			sourceTree = "<group>";
		};
/* End PBXVariantGroup section */

/* Begin XCBuildConfiguration section */
		9AC760741CB2137C00F96C94 /* Debug */ = {
			isa = XCBuildConfiguration;
			buildSettings = {
				ALWAYS_SEARCH_USER_PATHS = NO;
				CLANG_ANALYZER_NONNULL = YES;
				CLANG_CXX_LANGUAGE_STANDARD = "gnu++0x";
				CLANG_CXX_LIBRARY = "libc++";
				CLANG_ENABLE_MODULES = YES;
				CLANG_ENABLE_OBJC_ARC = YES;
				CLANG_WARN_BOOL_CONVERSION = YES;
				CLANG_WARN_CONSTANT_CONVERSION = YES;
				CLANG_WARN_DIRECT_OBJC_ISA_USAGE = YES_ERROR;
				CLANG_WARN_EMPTY_BODY = YES;
				CLANG_WARN_ENUM_CONVERSION = YES;
				CLANG_WARN_INT_CONVERSION = YES;
				CLANG_WARN_OBJC_ROOT_CLASS = YES_ERROR;
				CLANG_WARN_UNREACHABLE_CODE = YES;
				CLANG_WARN__DUPLICATE_METHOD_MATCH = YES;
				"CODE_SIGN_IDENTITY[sdk=iphoneos*]" = "iPhone Developer";
				COPY_PHASE_STRIP = NO;
				DEBUG_INFORMATION_FORMAT = dwarf;
				ENABLE_STRICT_OBJC_MSGSEND = YES;
				ENABLE_TESTABILITY = YES;
				GCC_C_LANGUAGE_STANDARD = gnu99;
				GCC_DYNAMIC_NO_PIC = NO;
				GCC_NO_COMMON_BLOCKS = YES;
				GCC_OPTIMIZATION_LEVEL = 0;
				GCC_PREPROCESSOR_DEFINITIONS = (
					"DEBUG=1",
					"$(inherited)",
				);
				GCC_WARN_64_TO_32_BIT_CONVERSION = YES;
				GCC_WARN_ABOUT_RETURN_TYPE = YES_ERROR;
				GCC_WARN_UNDECLARED_SELECTOR = YES;
				GCC_WARN_UNINITIALIZED_AUTOS = YES_AGGRESSIVE;
				GCC_WARN_UNUSED_FUNCTION = YES;
				GCC_WARN_UNUSED_VARIABLE = YES;
				IPHONEOS_DEPLOYMENT_TARGET = 9.3;
				MTL_ENABLE_DEBUG_INFO = YES;
				ONLY_ACTIVE_ARCH = YES;
				SDKROOT = iphoneos;
				SWIFT_OPTIMIZATION_LEVEL = "-Onone";
				TARGETED_DEVICE_FAMILY = "1,2";
			};
			name = Debug;
		};
		9AC760751CB2137C00F96C94 /* Release */ = {
			isa = XCBuildConfiguration;
			buildSettings = {
				ALWAYS_SEARCH_USER_PATHS = NO;
				CLANG_ANALYZER_NONNULL = YES;
				CLANG_CXX_LANGUAGE_STANDARD = "gnu++0x";
				CLANG_CXX_LIBRARY = "libc++";
				CLANG_ENABLE_MODULES = YES;
				CLANG_ENABLE_OBJC_ARC = YES;
				CLANG_WARN_BOOL_CONVERSION = YES;
				CLANG_WARN_CONSTANT_CONVERSION = YES;
				CLANG_WARN_DIRECT_OBJC_ISA_USAGE = YES_ERROR;
				CLANG_WARN_EMPTY_BODY = YES;
				CLANG_WARN_ENUM_CONVERSION = YES;
				CLANG_WARN_INT_CONVERSION = YES;
				CLANG_WARN_OBJC_ROOT_CLASS = YES_ERROR;
				CLANG_WARN_UNREACHABLE_CODE = YES;
				CLANG_WARN__DUPLICATE_METHOD_MATCH = YES;
				"CODE_SIGN_IDENTITY[sdk=iphoneos*]" = "iPhone Developer";
				COPY_PHASE_STRIP = NO;
				DEBUG_INFORMATION_FORMAT = "dwarf-with-dsym";
				ENABLE_NS_ASSERTIONS = NO;
				ENABLE_STRICT_OBJC_MSGSEND = YES;
				GCC_C_LANGUAGE_STANDARD = gnu99;
				GCC_NO_COMMON_BLOCKS = YES;
				GCC_WARN_64_TO_32_BIT_CONVERSION = YES;
				GCC_WARN_ABOUT_RETURN_TYPE = YES_ERROR;
				GCC_WARN_UNDECLARED_SELECTOR = YES;
				GCC_WARN_UNINITIALIZED_AUTOS = YES_AGGRESSIVE;
				GCC_WARN_UNUSED_FUNCTION = YES;
				GCC_WARN_UNUSED_VARIABLE = YES;
				IPHONEOS_DEPLOYMENT_TARGET = 9.3;
				MTL_ENABLE_DEBUG_INFO = NO;
				SDKROOT = iphoneos;
				TARGETED_DEVICE_FAMILY = "1,2";
				VALIDATE_PRODUCT = YES;
			};
			name = Release;
		};
		9AC760771CB2137C00F96C94 /* Debug */ = {
			isa = XCBuildConfiguration;
			buildSettings = {
				ASSETCATALOG_COMPILER_APPICON_NAME = AppIcon;
				INFOPLIST_FILE = BMI/Info.plist;
				LD_RUNPATH_SEARCH_PATHS = "$(inherited) @executable_path/Frameworks";
				PRODUCT_BUNDLE_IDENTIFIER = kr.ac.sogang.mail.20111625.BMI;
				PRODUCT_NAME = "$(TARGET_NAME)";
			};
			name = Debug;
		};
		9AC760781CB2137C00F96C94 /* Release */ = {
			isa = XCBuildConfiguration;
			buildSettings = {
				ASSETCATALOG_COMPILER_APPICON_NAME = AppIcon;
				INFOPLIST_FILE = BMI/Info.plist;
				LD_RUNPATH_SEARCH_PATHS = "$(inherited) @executable_path/Frameworks";
				PRODUCT_BUNDLE_IDENTIFIER = kr.ac.sogang.mail.20111625.BMI;
				PRODUCT_NAME = "$(TARGET_NAME)";
			};
			name = Release;
		};
		9AC7607A1CB2137C00F96C94 /* Debug */ = {
			isa = XCBuildConfiguration;
			buildSettings = {
				BUNDLE_LOADER = "$(TEST_HOST)";
				INFOPLIST_FILE = BMITests/Info.plist;
				LD_RUNPATH_SEARCH_PATHS = "$(inherited) @executable_path/Frameworks @loader_path/Frameworks";
				PRODUCT_BUNDLE_IDENTIFIER = kr.ac.sogang.mail.20111625.BMITests;
				PRODUCT_NAME = "$(TARGET_NAME)";
				TEST_HOST = "$(BUILT_PRODUCTS_DIR)/BMI.app/BMI";
			};
			name = Debug;
		};
		9AC7607B1CB2137C00F96C94 /* Release */ = {
			isa = XCBuildConfiguration;
			buildSettings = {
				BUNDLE_LOADER = "$(TEST_HOST)";
				INFOPLIST_FILE = BMITests/Info.plist;
				LD_RUNPATH_SEARCH_PATHS = "$(inherited) @executable_path/Frameworks @loader_path/Frameworks";
				PRODUCT_BUNDLE_IDENTIFIER = kr.ac.sogang.mail.20111625.BMITests;
				PRODUCT_NAME = "$(TARGET_NAME)";
				TEST_HOST = "$(BUILT_PRODUCTS_DIR)/BMI.app/BMI";
			};
			name = Release;
		};
		9AC7607D1CB2137C00F96C94 /* Debug */ = {
			isa = XCBuildConfiguration;
			buildSettings = {
				INFOPLIST_FILE = BMIUITests/Info.plist;
				LD_RUNPATH_SEARCH_PATHS = "$(inherited) @executable_path/Frameworks @loader_path/Frameworks";
				PRODUCT_BUNDLE_IDENTIFIER = kr.ac.sogang.mail.20111625.BMIUITests;
				PRODUCT_NAME = "$(TARGET_NAME)";
				TEST_TARGET_NAME = BMI;
			};
			name = Debug;
		};
		9AC7607E1CB2137C00F96C94 /* Release */ = {
			isa = XCBuildConfiguration;
			buildSettings = {
				INFOPLIST_FILE = BMIUITests/Info.plist;
				LD_RUNPATH_SEARCH_PATHS = "$(inherited) @executable_path/Frameworks @loader_path/Frameworks";
				PRODUCT_BUNDLE_IDENTIFIER = kr.ac.sogang.mail.20111625.BMIUITests;
				PRODUCT_NAME = "$(TARGET_NAME)";
				TEST_TARGET_NAME = BMI;
			};
			name = Release;
		};
/* End XCBuildConfiguration section */

/* Begin XCConfigurationList section */
		9AC760491CB2137B00F96C94 /* Build configuration list for PBXProject "BMI" */ = {
			isa = XCConfigurationList;
			buildConfigurations = (
				9AC760741CB2137C00F96C94 /* Debug */,
				9AC760751CB2137C00F96C94 /* Release */,
			);
			defaultConfigurationIsVisible = 0;
			defaultConfigurationName = Release;
		};
		9AC760761CB2137C00F96C94 /* Build configuration list for PBXNativeTarget "BMI" */ = {
			isa = XCConfigurationList;
			buildConfigurations = (
				9AC760771CB2137C00F96C94 /* Debug */,
				9AC760781CB2137C00F96C94 /* Release */,
			);
			defaultConfigurationIsVisible = 0;
		};
		9AC760791CB2137C00F96C94 /* Build configuration list for PBXNativeTarget "BMITests" */ = {
			isa = XCConfigurationList;
			buildConfigurations = (
				9AC7607A1CB2137C00F96C94 /* Debug */,
				9AC7607B1CB2137C00F96C94 /* Release */,
			);
			defaultConfigurationIsVisible = 0;
		};
		9AC7607C1CB2137C00F96C94 /* Build configuration list for PBXNativeTarget "BMIUITests" */ = {
			isa = XCConfigurationList;
			buildConfigurations = (
				9AC7607D1CB2137C00F96C94 /* Debug */,
				9AC7607E1CB2137C00F96C94 /* Release */,
			);
			defaultConfigurationIsVisible = 0;
		};
/* End XCConfigurationList section */
	};
	rootObject = 9AC760461CB2137B00F96C94 /* Project object */;
}
